// !$*UTF8*$!
{
	archiveVersion = 1;
	classes = {
	};
	objectVersion = 50;
	objects = {

/* Begin PBXBuildFile section */
		1176D4A5223491CB008C7E0D /* AppDelegate.swift in Sources */ = {isa = PBXBuildFile; fileRef = 1176D4A4223491CB008C7E0D /* AppDelegate.swift */; };
		1176D4AF223491CE008C7E0D /* LaunchScreen.storyboard in Resources */ = {isa = PBXBuildFile; fileRef = 1176D4AD223491CE008C7E0D /* LaunchScreen.storyboard */; };
		1176D4D3223492E1008C7E0D /* Shared.framework in Frameworks */ = {isa = PBXBuildFile; fileRef = 1176D4C4223492AD008C7E0D /* Shared.framework */; };
		1176D4D5223498C3008C7E0D /* PeopleViewController.swift in Sources */ = {isa = PBXBuildFile; fileRef = 1176D4D4223498C3008C7E0D /* PeopleViewController.swift */; };
/* End PBXBuildFile section */

/* Begin PBXContainerItemProxy section */
		1176D4C1223492AD008C7E0D /* PBXContainerItemProxy */ = {
			isa = PBXContainerItemProxy;
			containerPortal = 1176D4B8223492AD008C7E0D /* shared.xcodeproj */;
			proxyType = 2;
			remoteGlobalIDString = "AnyCodable::AnyCodable::Product";
			remoteInfo = AnyCodable;
		};
		1176D4C3223492AD008C7E0D /* PBXContainerItemProxy */ = {
			isa = PBXContainerItemProxy;
			containerPortal = 1176D4B8223492AD008C7E0D /* shared.xcodeproj */;
			proxyType = 2;
			remoteGlobalIDString = "Shared::Shared::Product";
			remoteInfo = Shared;
		};
		1176D4C5223492AD008C7E0D /* PBXContainerItemProxy */ = {
			isa = PBXContainerItemProxy;
			containerPortal = 1176D4B8223492AD008C7E0D /* shared.xcodeproj */;
			proxyType = 2;
			remoteGlobalIDString = "Shared::SharedTests::Product";
			remoteInfo = SharedTests;
		};
/* End PBXContainerItemProxy section */

/* Begin PBXFileReference section */
		1176D4A1223491CB008C7E0D /* App.app */ = {isa = PBXFileReference; explicitFileType = wrapper.application; includeInIndex = 0; path = App.app; sourceTree = BUILT_PRODUCTS_DIR; };
		1176D4A4223491CB008C7E0D /* AppDelegate.swift */ = {isa = PBXFileReference; lastKnownFileType = sourcecode.swift; path = AppDelegate.swift; sourceTree = "<group>"; };
		1176D4AE223491CE008C7E0D /* Base */ = {isa = PBXFileReference; lastKnownFileType = file.storyboard; name = Base; path = Base.lproj/LaunchScreen.storyboard; sourceTree = "<group>"; };
		1176D4B0223491CE008C7E0D /* Info.plist */ = {isa = PBXFileReference; lastKnownFileType = text.plist.xml; path = Info.plist; sourceTree = "<group>"; };
		1176D4B8223492AD008C7E0D /* shared.xcodeproj */ = {isa = PBXFileReference; lastKnownFileType = "wrapper.pb-project"; name = shared.xcodeproj; path = ../../shared/shared.xcodeproj; sourceTree = "<group>"; };
		1176D4D4223498C3008C7E0D /* PeopleViewController.swift */ = {isa = PBXFileReference; lastKnownFileType = sourcecode.swift; path = PeopleViewController.swift; sourceTree = "<group>"; };
/* End PBXFileReference section */

/* Begin PBXFrameworksBuildPhase section */
		1176D49E223491CB008C7E0D /* Frameworks */ = {
			isa = PBXFrameworksBuildPhase;
			buildActionMask = 2147483647;
			files = (
				1176D4D3223492E1008C7E0D /* Shared.framework in Frameworks */,
			);
			runOnlyForDeploymentPostprocessing = 0;
		};
/* End PBXFrameworksBuildPhase section */

/* Begin PBXGroup section */
		1176D498223491CB008C7E0D = {
			isa = PBXGroup;
			children = (
				1176D4A3223491CB008C7E0D /* App */,
				1176D4A2223491CB008C7E0D /* Products */,
				1176D4CC223492E1008C7E0D /* Frameworks */,
			);
			sourceTree = "<group>";
		};
		1176D4A2223491CB008C7E0D /* Products */ = {
			isa = PBXGroup;
			children = (
				1176D4A1223491CB008C7E0D /* App.app */,
			);
			name = Products;
			sourceTree = "<group>";
		};
		1176D4A3223491CB008C7E0D /* App */ = {
			isa = PBXGroup;
			children = (
				1176D4A4223491CB008C7E0D /* AppDelegate.swift */,
				1176D4B0223491CE008C7E0D /* Info.plist */,
				1176D4AD223491CE008C7E0D /* LaunchScreen.storyboard */,
				1176D4D4223498C3008C7E0D /* PeopleViewController.swift */,
				1176D4B8223492AD008C7E0D /* shared.xcodeproj */,
			);
			path = App;
			sourceTree = "<group>";
		};
		1176D4B9223492AD008C7E0D /* Products */ = {
			isa = PBXGroup;
			children = (
				1176D4C2223492AD008C7E0D /* AnyCodable.framework */,
				1176D4C4223492AD008C7E0D /* Shared.framework */,
				1176D4C6223492AD008C7E0D /* SharedTests.xctest */,
			);
			name = Products;
			sourceTree = "<group>";
		};
		1176D4CC223492E1008C7E0D /* Frameworks */ = {
			isa = PBXGroup;
			children = (
			);
			name = Frameworks;
			sourceTree = "<group>";
		};
/* End PBXGroup section */

/* Begin PBXNativeTarget section */
		1176D4A0223491CB008C7E0D /* App */ = {
			isa = PBXNativeTarget;
			buildConfigurationList = 1176D4B3223491CE008C7E0D /* Build configuration list for PBXNativeTarget "App" */;
			buildPhases = (
				1176D49D223491CB008C7E0D /* Sources */,
				1176D49E223491CB008C7E0D /* Frameworks */,
				1176D49F223491CB008C7E0D /* Resources */,
			);
			buildRules = (
			);
			dependencies = (
			);
			name = App;
			productName = App;
			productReference = 1176D4A1223491CB008C7E0D /* App.app */;
			productType = "com.apple.product-type.application";
		};
/* End PBXNativeTarget section */

/* Begin PBXProject section */
		1176D499223491CB008C7E0D /* Project object */ = {
			isa = PBXProject;
			attributes = {
				LastSwiftUpdateCheck = 1010;
				LastUpgradeCheck = 1010;
				ORGANIZATIONNAME = "Samuels, Paul (Developer)";
				TargetAttributes = {
					1176D4A0223491CB008C7E0D = {
						CreatedOnToolsVersion = 10.1;
					};
				};
			};
			buildConfigurationList = 1176D49C223491CB008C7E0D /* Build configuration list for PBXProject "App" */;
			compatibilityVersion = "Xcode 9.3";
			developmentRegion = en;
			hasScannedForEncodings = 0;
			knownRegions = (
				en,
				Base,
			);
			mainGroup = 1176D498223491CB008C7E0D;
			productRefGroup = 1176D4A2223491CB008C7E0D /* Products */;
			projectDirPath = "";
			projectReferences = (
				{
					ProductGroup = 1176D4B9223492AD008C7E0D /* Products */;
					ProjectRef = 1176D4B8223492AD008C7E0D /* shared.xcodeproj */;
				},
			);
			projectRoot = "";
			targets = (
				1176D4A0223491CB008C7E0D /* App */,
			);
		};
/* End PBXProject section */

/* Begin PBXReferenceProxy section */
		1176D4C2223492AD008C7E0D /* AnyCodable.framework */ = {
			isa = PBXReferenceProxy;
			fileType = wrapper.framework;
			path = AnyCodable.framework;
			remoteRef = 1176D4C1223492AD008C7E0D /* PBXContainerItemProxy */;
			sourceTree = BUILT_PRODUCTS_DIR;
		};
		1176D4C4223492AD008C7E0D /* Shared.framework */ = {
			isa = PBXReferenceProxy;
			fileType = wrapper.framework;
			path = Shared.framework;
			remoteRef = 1176D4C3223492AD008C7E0D /* PBXContainerItemProxy */;
			sourceTree = BUILT_PRODUCTS_DIR;
		};
		1176D4C6223492AD008C7E0D /* SharedTests.xctest */ = {
			isa = PBXReferenceProxy;
			fileType = file;
			path = SharedTests.xctest;
			remoteRef = 1176D4C5223492AD008C7E0D /* PBXContainerItemProxy */;
			sourceTree = BUILT_PRODUCTS_DIR;
		};
/* End PBXReferenceProxy section */

/* Begin PBXResourcesBuildPhase section */
		1176D49F223491CB008C7E0D /* Resources */ = {
			isa = PBXResourcesBuildPhase;
			buildActionMask = 2147483647;
			files = (
				1176D4AF223491CE008C7E0D /* LaunchScreen.storyboard in Resources */,
			);
			runOnlyForDeploymentPostprocessing = 0;
		};
/* End PBXResourcesBuildPhase section */

/* Begin PBXSourcesBuildPhase section */
		1176D49D223491CB008C7E0D /* Sources */ = {
			isa = PBXSourcesBuildPhase;
			buildActionMask = 2147483647;
			files = (
				1176D4A5223491CB008C7E0D /* AppDelegate.swift in Sources */,
				1176D4D5223498C3008C7E0D /* PeopleViewController.swift in Sources */,
			);
			runOnlyForDeploymentPostprocessing = 0;
		};
/* End PBXSourcesBuildPhase section */

/* Begin PBXVariantGroup section */
		1176D4AD223491CE008C7E0D /* LaunchScreen.storyboard */ = {
			isa = PBXVariantGroup;
			children = (
				1176D4AE223491CE008C7E0D /* Base */,
			);
			name = LaunchScreen.storyboard;
			sourceTree = "<group>";
		};
/* End PBXVariantGroup section */

/* Begin XCBuildConfiguration section */
		1176D4B1223491CE008C7E0D /* Debug */ = {
			isa = XCBuildConfiguration;
			buildSettings = {
				ALWAYS_SEARCH_USER_PATHS = NO;
				CLANG_ANALYZER_NONNULL = YES;
				CLANG_ANALYZER_NUMBER_OBJECT_CONVERSION = YES_AGGRESSIVE;
				CLANG_CXX_LANGUAGE_STANDARD = "gnu++14";
				CLANG_CXX_LIBRARY = "libc++";
				CLANG_ENABLE_MODULES = YES;
				CLANG_ENABLE_OBJC_ARC = YES;
				CLANG_ENABLE_OBJC_WEAK = YES;
				CLANG_WARN_BLOCK_CAPTURE_AUTORELEASING = YES;
				CLANG_WARN_BOOL_CONVERSION = YES;
				CLANG_WARN_COMMA = YES;
				CLANG_WARN_CONSTANT_CONVERSION = YES;
				CLANG_WARN_DEPRECATED_OBJC_IMPLEMENTATIONS = YES;
				CLANG_WARN_DIRECT_OBJC_ISA_USAGE = YES_ERROR;
				CLANG_WARN_DOCUMENTATION_COMMENTS = YES;
				CLANG_WARN_EMPTY_BODY = YES;
				CLANG_WARN_ENUM_CONVERSION = YES;
				CLANG_WARN_INFINITE_RECURSION = YES;
				CLANG_WARN_INT_CONVERSION = YES;
				CLANG_WARN_NON_LITERAL_NULL_CONVERSION = YES;
				CLANG_WARN_OBJC_IMPLICIT_RETAIN_SELF = YES;
				CLANG_WARN_OBJC_LITERAL_CONVERSION = YES;
				CLANG_WARN_OBJC_ROOT_CLASS = YES_ERROR;
				CLANG_WARN_RANGE_LOOP_ANALYSIS = YES;
				CLANG_WARN_STRICT_PROTOTYPES = YES;
				CLANG_WARN_SUSPICIOUS_MOVE = YES;
				CLANG_WARN_UNGUARDED_AVAILABILITY = YES_AGGRESSIVE;
				CLANG_WARN_UNREACHABLE_CODE = YES;
				CLANG_WARN__DUPLICATE_METHOD_MATCH = YES;
				CODE_SIGN_IDENTITY = "iPhone Developer";
				COPY_PHASE_STRIP = NO;
				DEBUG_INFORMATION_FORMAT = dwarf;
				ENABLE_STRICT_OBJC_MSGSEND = YES;
				ENABLE_TESTABILITY = YES;
				GCC_C_LANGUAGE_STANDARD = gnu11;
				GCC_DYNAMIC_NO_PIC = NO;
				GCC_NO_COMMON_BLOCKS = YES;
				GCC_OPTIMIZATION_LEVEL = 0;
				GCC_PREPROCESSOR_DEFINITIONS = (
					"DEBUG=1",
					"$(inherited)",
				);
				GCC_WARN_64_TO_32_BIT_CONVERSION = YES;
				GCC_WARN_ABOUT_RETURN_TYPE = YES_ERROR;
				GCC_WARN_UNDECLARED_SELECTOR = YES;
				GCC_WARN_UNINITIALIZED_AUTOS = YES_AGGRESSIVE;
				GCC_WARN_UNUSED_FUNCTION = YES;
				GCC_WARN_UNUSED_VARIABLE = YES;
				IPHONEOS_DEPLOYMENT_TARGET = 12.1;
				MTL_ENABLE_DEBUG_INFO = INCLUDE_SOURCE;
				MTL_FAST_MATH = YES;
				ONLY_ACTIVE_ARCH = YES;
				SDKROOT = iphoneos;
				SWIFT_ACTIVE_COMPILATION_CONDITIONS = DEBUG;
				SWIFT_OPTIMIZATION_LEVEL = "-Onone";
			};
			name = Debug;
		};
		1176D4B2223491CE008C7E0D /* Release */ = {
			isa = XCBuildConfiguration;
			buildSettings = {
				ALWAYS_SEARCH_USER_PATHS = NO;
				CLANG_ANALYZER_NONNULL = YES;
				CLANG_ANALYZER_NUMBER_OBJECT_CONVERSION = YES_AGGRESSIVE;
				CLANG_CXX_LANGUAGE_STANDARD = "gnu++14";
				CLANG_CXX_LIBRARY = "libc++";
				CLANG_ENABLE_MODULES = YES;
				CLANG_ENABLE_OBJC_ARC = YES;
				CLANG_ENABLE_OBJC_WEAK = YES;
				CLANG_WARN_BLOCK_CAPTURE_AUTORELEASING = YES;
				CLANG_WARN_BOOL_CONVERSION = YES;
				CLANG_WARN_COMMA = YES;
				CLANG_WARN_CONSTANT_CONVERSION = YES;
				CLANG_WARN_DEPRECATED_OBJC_IMPLEMENTATIONS = YES;
				CLANG_WARN_DIRECT_OBJC_ISA_USAGE = YES_ERROR;
				CLANG_WARN_DOCUMENTATION_COMMENTS = YES;
				CLANG_WARN_EMPTY_BODY = YES;
				CLANG_WARN_ENUM_CONVERSION = YES;
				CLANG_WARN_INFINITE_RECURSION = YES;
				CLANG_WARN_INT_CONVERSION = YES;
				CLANG_WARN_NON_LITERAL_NULL_CONVERSION = YES;
				CLANG_WARN_OBJC_IMPLICIT_RETAIN_SELF = YES;
				CLANG_WARN_OBJC_LITERAL_CONVERSION = YES;
				CLANG_WARN_OBJC_ROOT_CLASS = YES_ERROR;
				CLANG_WARN_RANGE_LOOP_ANALYSIS = YES;
				CLANG_WARN_STRICT_PROTOTYPES = YES;
				CLANG_WARN_SUSPICIOUS_MOVE = YES;
				CLANG_WARN_UNGUARDED_AVAILABILITY = YES_AGGRESSIVE;
				CLANG_WARN_UNREACHABLE_CODE = YES;
				CLANG_WARN__DUPLICATE_METHOD_MATCH = YES;
				CODE_SIGN_IDENTITY = "iPhone Developer";
				COPY_PHASE_STRIP = NO;
				DEBUG_INFORMATION_FORMAT = "dwarf-with-dsym";
				ENABLE_NS_ASSERTIONS = NO;
				ENABLE_STRICT_OBJC_MSGSEND = YES;
				GCC_C_LANGUAGE_STANDARD = gnu11;
				GCC_NO_COMMON_BLOCKS = YES;
				GCC_WARN_64_TO_32_BIT_CONVERSION = YES;
				GCC_WARN_ABOUT_RETURN_TYPE = YES_ERROR;
				GCC_WARN_UNDECLARED_SELECTOR = YES;
				GCC_WARN_UNINITIALIZED_AUTOS = YES_AGGRESSIVE;
				GCC_WARN_UNUSED_FUNCTION = YES;
				GCC_WARN_UNUSED_VARIABLE = YES;
				IPHONEOS_DEPLOYMENT_TARGET = 12.1;
				MTL_ENABLE_DEBUG_INFO = NO;
				MTL_FAST_MATH = YES;
				SDKROOT = iphoneos;
				SWIFT_COMPILATION_MODE = wholemodule;
				SWIFT_OPTIMIZATION_LEVEL = "-O";
				VALIDATE_PRODUCT = YES;
			};
			name = Release;
		};
		1176D4B4223491CE008C7E0D /* Debug */ = {
			isa = XCBuildConfiguration;
			buildSettings = {
				CODE_SIGN_STYLE = Automatic;
				INFOPLIST_FILE = App/Info.plist;
				LD_RUNPATH_SEARCH_PATHS = (
					"$(inherited)",
					"@executable_path/Frameworks",
				);
				PRODUCT_BUNDLE_IDENTIFIER = "com.paul-samuels.App";
				PRODUCT_NAME = "$(TARGET_NAME)";
				SWIFT_VERSION = 4.2;
				TARGETED_DEVICE_FAMILY = "1,2";
			};
			name = Debug;
		};
		1176D4B5223491CE008C7E0D /* Release */ = {
			isa = XCBuildConfiguration;
			buildSettings = {
				CODE_SIGN_STYLE = Automatic;
				INFOPLIST_FILE = App/Info.plist;
				LD_RUNPATH_SEARCH_PATHS = (
					"$(inherited)",
					"@executable_path/Frameworks",
				);
				PRODUCT_BUNDLE_IDENTIFIER = "com.paul-samuels.App";
				PRODUCT_NAME = "$(TARGET_NAME)";
				SWIFT_VERSION = 4.2;
				TARGETED_DEVICE_FAMILY = "1,2";
			};
			name = Release;
		};
/* End XCBuildConfiguration section */

/* Begin XCConfigurationList section */
		1176D49C223491CB008C7E0D /* Build configuration list for PBXProject "App" */ = {
			isa = XCConfigurationList;
			buildConfigurations = (
				1176D4B1223491CE008C7E0D /* Debug */,
				1176D4B2223491CE008C7E0D /* Release */,
			);
			defaultConfigurationIsVisible = 0;
			defaultConfigurationName = Release;
		};
		1176D4B3223491CE008C7E0D /* Build configuration list for PBXNativeTarget "App" */ = {
			isa = XCConfigurationList;
			buildConfigurations = (
				1176D4B4223491CE008C7E0D /* Debug */,
				1176D4B5223491CE008C7E0D /* Release */,
			);
			defaultConfigurationIsVisible = 0;
			defaultConfigurationName = Release;
		};
/* End XCConfigurationList section */
	};
	rootObject = 1176D499223491CB008C7E0D /* Project object */;
}
